
Microsoft Visual Studio Solution File, Format Version 12.00
# Visual Studio Version 17
VisualStudioVersion = 17.14.36623.8 d17.14
MinimumVisualStudioVersion = 10.0.40219.1
Project("{FAE04EC0-301F-11D3-BF4B-00C04F79EFBC}") = "HR_Project", "HR_Project.csproj", "{CCAE88CC-CA2D-4634-81C6-78779F609C36}"
EndProject
Project("{FAE04EC0-301F-11D3-BF4B-00C04F79EFBC}") = "HRBusniss", "..\HRBusniss\HRBusniss.csproj", "{4CAF04B6-70CB-4CBD-AFEE-58C5B4BE89F3}"
EndProject
Project("{FAE04EC0-301F-11D3-BF4B-00C04F79EFBC}") = "HR_Access", "..\HR_Access\HR_Access.csproj", "{C152A56D-09B1-4269-9313-61DCD3A77F18}"
EndProject
Global
	GlobalSection(SolutionConfigurationPlatforms) = preSolution
		Debug|Any CPU = Debug|Any CPU
		Release|Any CPU = Release|Any CPU
	EndGlobalSection
	GlobalSection(ProjectConfigurationPlatforms) = postSolution
		{CCAE88CC-CA2D-4634-81C6-78779F609C36}.Debug|Any CPU.ActiveCfg = Debug|Any CPU
		{CCAE88CC-CA2D-4634-81C6-78779F609C36}.Debug|Any CPU.Build.0 = Debug|Any CPU
		{CCAE88CC-CA2D-4634-81C6-78779F609C36}.Release|Any CPU.ActiveCfg = Release|Any CPU
		{CCAE88CC-CA2D-4634-81C6-78779F609C36}.Release|Any CPU.Build.0 = Release|Any CPU
		{4CAF04B6-70CB-4CBD-AFEE-58C5B4BE89F3}.Debug|Any CPU.ActiveCfg = Debug|Any CPU
		{4CAF04B6-70CB-4CBD-AFEE-58C5B4BE89F3}.Debug|Any CPU.Build.0 = Debug|Any CPU
		{4CAF04B6-70CB-4CBD-AFEE-58C5B4BE89F3}.Release|Any CPU.ActiveCfg = Release|Any CPU
		{4CAF04B6-70CB-4CBD-AFEE-58C5B4BE89F3}.Release|Any CPU.Build.0 = Release|Any CPU
		{C152A56D-09B1-4269-9313-61DCD3A77F18}.Debug|Any CPU.ActiveCfg = Debug|Any CPU
		{C152A56D-09B1-4269-9313-61DCD3A77F18}.Debug|Any CPU.Build.0 = Debug|Any CPU
		{C152A56D-09B1-4269-9313-61DCD3A77F18}.Release|Any CPU.ActiveCfg = Release|Any CPU
		{C152A56D-09B1-4269-9313-61DCD3A77F18}.Release|Any CPU.Build.0 = Release|Any CPU
	EndGlobalSection
	GlobalSection(SolutionProperties) = preSolution
		HideSolutionNode = FALSE
	EndGlobalSection
	GlobalSection(ExtensibilityGlobals) = postSolution
		SolutionGuid = {D7727EC7-CB6B-4A0C-B0C3-F0079DDC4BC8}
	EndGlobalSection
EndGlobal
